# This file is automatically @generated by Cargo.
# It is not intended for manual editing.
[[package]]
name = "ioctl-rs"
version = "0.2.0"
source = "registry+https://github.com/rust-lang/crates.io-index"
checksum = "607b0d5e3c8affe6744655ccd713c5d3763c09407e191cea94705f541fd45151"
dependencies = [
 "libc",
]

[[package]]
name = "libc"
version = "0.2.80"
source = "registry+https://github.com/rust-lang/crates.io-index"
checksum = "4d58d1b70b004888f764dfbf6a26a3b0342a1632d33968e4a179d8011c760614"

[[package]]
name = "password_manager"
version = "0.1.0"
dependencies = [
 "ioctl-rs",
 "libc",
]
